// !$*UTF8*$!
{
	archiveVersion = 1;
	classes = {
	};
	objectVersion = 45;
	objects = {

/* Begin PBXFileReference section */
		15001ADF115241F7000F213A /* Android.mk */ = {isa = PBXFileReference; fileEncoding = 4; lastKnownFileType = text; name = Android.mk; path = ../Android.mk; sourceTree = SOURCE_ROOT; };
		15001AE011524205000F213A /* Application.mk */ = {isa = PBXFileReference; fileEncoding = 4; lastKnownFileType = text; name = Application.mk; path = ../../Application.mk; sourceTree = SOURCE_ROOT; };
		15001AF5115242A1000F213A /* Local.xcconfig */ = {isa = PBXFileReference; fileEncoding = 4; lastKnownFileType = text.xcconfig; path = Local.xcconfig; sourceTree = "<group>"; };
		15001B0311524345000F213A /* FMRadio.h */ = {isa = PBXFileReference; fileEncoding = 4; lastKnownFileType = sourcecode.c.h; path = FMRadio.h; sourceTree = "<group>"; };
		15001B0411524345000F213A /* FMRadio.c */ = {isa = PBXFileReference; fileEncoding = 4; lastKnownFileType = sourcecode.c.c; path = FMRadio.c; sourceTree = "<group>"; };
		15CFC89F115364E400138BC9 /* FMRadio_Simulated.c */ = {isa = PBXFileReference; fileEncoding = 4; lastKnownFileType = sourcecode.c.c; path = FMRadio_Simulated.c; sourceTree = "<group>"; };
		15CFC8D711538B9B00138BC9 /* it_polimi_elet_se_nomadikradio_Radio_Native.h */ = {isa = PBXFileReference; fileEncoding = 4; lastKnownFileType = sourcecode.c.h; path = it_polimi_elet_se_nomadikradio_Radio_Native.h; sourceTree = "<group>"; };
		15CFC8D911538BA600138BC9 /* it_polimi_elet_se_nomadikradio_Radio_Native.c */ = {isa = PBXFileReference; fileEncoding = 4; lastKnownFileType = sourcecode.c.c; path = it_polimi_elet_se_nomadikradio_Radio_Native.c; sourceTree = "<group>"; };
		15F6AFCF119EA38300BC754C /* FMRadio_STLCompatibility.h */ = {isa = PBXFileReference; fileEncoding = 4; lastKnownFileType = sourcecode.c.h; path = FMRadio_STLCompatibility.h; sourceTree = "<group>"; };
		15F6AFD0119EA38300BC754C /* FMRadio_STLCompatibility.cpp */ = {isa = PBXFileReference; fileEncoding = 4; lastKnownFileType = sourcecode.cpp.cpp; path = FMRadio_STLCompatibility.cpp; sourceTree = "<group>"; };
/* End PBXFileReference section */

/* Begin PBXGroup section */
		08FB7794FE84155DC02AAC07 /* libNomadikRadio */ = {
			isa = PBXGroup;
			children = (
				15001AFB11524334000F213A /* jni */,
				15001AD7115241E2000F213A /* Makefiles */,
				15001AF5115242A1000F213A /* Local.xcconfig */,
			);
			name = libNomadikRadio;
			sourceTree = "<group>";
		};
		15001AD7115241E2000F213A /* Makefiles */ = {
			isa = PBXGroup;
			children = (
				15001AE011524205000F213A /* Application.mk */,
				15001ADF115241F7000F213A /* Android.mk */,
			);
			name = Makefiles;
			sourceTree = "<group>";
		};
		15001AFB11524334000F213A /* jni */ = {
			isa = PBXGroup;
			children = (
				15CFC8D711538B9B00138BC9 /* it_polimi_elet_se_nomadikradio_Radio_Native.h */,
				15CFC8D911538BA600138BC9 /* it_polimi_elet_se_nomadikradio_Radio_Native.c */,
				15001B0311524345000F213A /* FMRadio.h */,
				15001B0411524345000F213A /* FMRadio.c */,
				15CFC89F115364E400138BC9 /* FMRadio_Simulated.c */,
				15F6AFCF119EA38300BC754C /* FMRadio_STLCompatibility.h */,
				15F6AFD0119EA38300BC754C /* FMRadio_STLCompatibility.cpp */,
			);
			name = jni;
			path = ..;
			sourceTree = "<group>";
		};
/* End PBXGroup section */

/* Begin PBXLegacyTarget section */
		D28A88AD04BDD90700651E21 /* libNomadikRadio */ = {
			isa = PBXLegacyTarget;
			buildArgumentsString = "$(ACTION) APP=NomadikRadio";
			buildConfigurationList = 1DEB918F08733D9F0010E9CD /* Build configuration list for PBXLegacyTarget "libNomadikRadio" */;
			buildPhases = (
			);
			buildToolPath = /usr/bin/make;
			buildWorkingDirectory = "$(ANDROID_NDK)";
			dependencies = (
			);
			name = libNomadikRadio;
			passBuildSettingsInEnvironment = 1;
			productName = libNomadikRadio;
		};
/* End PBXLegacyTarget section */

/* Begin PBXProject section */
		08FB7793FE84155DC02AAC07 /* Project object */ = {
			isa = PBXProject;
			buildConfigurationList = 1DEB919308733D9F0010E9CD /* Build configuration list for PBXProject "libNomadikRadio" */;
			compatibilityVersion = "Xcode 3.1";
			hasScannedForEncodings = 1;
			mainGroup = 08FB7794FE84155DC02AAC07 /* libNomadikRadio */;
			projectDirPath = "";
			projectRoot = "";
			targets = (
				D28A88AD04BDD90700651E21 /* libNomadikRadio */,
			);
		};
/* End PBXProject section */

/* Begin XCBuildConfiguration section */
		1DEB919008733D9F0010E9CD /* Debug */ = {
			isa = XCBuildConfiguration;
			buildSettings = {
				COPY_PHASE_STRIP = NO;
				DEBUGGING_SYMBOLS = YES;
				GCC_DYNAMIC_NO_PIC = NO;
				GCC_ENABLE_FIX_AND_CONTINUE = YES;
				GCC_GENERATE_DEBUGGING_SYMBOLS = YES;
				GCC_OPTIMIZATION_LEVEL = 0;
				HEADER_SEARCH_PATHS = "$(SDKROOT)/usr/include";
				OTHER_CFLAGS = "";
				OTHER_LDFLAGS = "";
				PRODUCT_NAME = libNomadikRadio;
				SDKROOT = "$(ANDROID_NDK)/build/platforms/android-3/arch-arm";
			};
			name = Debug;
		};
		1DEB919108733D9F0010E9CD /* Release */ = {
			isa = XCBuildConfiguration;
			buildSettings = {
				COPY_PHASE_STRIP = YES;
				GCC_ENABLE_FIX_AND_CONTINUE = NO;
				OTHER_CFLAGS = "";
				OTHER_LDFLAGS = "";
				PRODUCT_NAME = libNomadikRadio;
			};
			name = Release;
		};
		1DEB919408733D9F0010E9CD /* Debug */ = {
			isa = XCBuildConfiguration;
			baseConfigurationReference = 15001AF5115242A1000F213A /* Local.xcconfig */;
			buildSettings = {
				ARCHS = "$(ARCHS_STANDARD_32_BIT)";
				GCC_WARN_ABOUT_RETURN_TYPE = YES;
				GCC_WARN_UNUSED_VARIABLE = YES;
				ONLY_ACTIVE_ARCH = YES;
				PREBINDING = NO;
				SDKROOT = macosx10.6;
			};
			name = Debug;
		};
		1DEB919508733D9F0010E9CD /* Release */ = {
			isa = XCBuildConfiguration;
			buildSettings = {
				ARCHS = "$(ARCHS_STANDARD_32_BIT)";
				GCC_WARN_ABOUT_RETURN_TYPE = YES;
				GCC_WARN_UNUSED_VARIABLE = YES;
				PREBINDING = NO;
				SDKROOT = macosx10.6;
			};
			name = Release;
		};
/* End XCBuildConfiguration section */

/* Begin XCConfigurationList section */
		1DEB918F08733D9F0010E9CD /* Build configuration list for PBXLegacyTarget "libNomadikRadio" */ = {
			isa = XCConfigurationList;
			buildConfigurations = (
				1DEB919008733D9F0010E9CD /* Debug */,
				1DEB919108733D9F0010E9CD /* Release */,
			);
			defaultConfigurationIsVisible = 0;
			defaultConfigurationName = Release;
		};
		1DEB919308733D9F0010E9CD /* Build configuration list for PBXProject "libNomadikRadio" */ = {
			isa = XCConfigurationList;
			buildConfigurations = (
				1DEB919408733D9F0010E9CD /* Debug */,
				1DEB919508733D9F0010E9CD /* Release */,
			);
			defaultConfigurationIsVisible = 0;
			defaultConfigurationName = Release;
		};
/* End XCConfigurationList section */
	};
	rootObject = 08FB7793FE84155DC02AAC07 /* Project object */;
}
